
Microsoft Visual Studio Solution File, Format Version 12.00
# Visual Studio 2012
Project("{FAE04EC0-301F-11D3-BF4B-00C04F79EFBC}") = "Threading", "Threading\Threading.csproj", "{4AB9A536-F086-404D-B415-4AD77F2E105D}"
EndProject
Global
	GlobalSection(SolutionConfigurationPlatforms) = preSolution
		Debug|Any CPU = Debug|Any CPU
		Release|Any CPU = Release|Any CPU
	EndGlobalSection
	GlobalSection(ProjectConfigurationPlatforms) = postSolution
		{4AB9A536-F086-404D-B415-4AD77F2E105D}.Debug|Any CPU.ActiveCfg = Debug|Any CPU
		{4AB9A536-F086-404D-B415-4AD77F2E105D}.Debug|Any CPU.Build.0 = Debug|Any CPU
		{4AB9A536-F086-404D-B415-4AD77F2E105D}.Release|Any CPU.ActiveCfg = Release|Any CPU
		{4AB9A536-F086-404D-B415-4AD77F2E105D}.Release|Any CPU.Build.0 = Release|Any CPU
	EndGlobalSection
	GlobalSection(SolutionProperties) = preSolution
		HideSolutionNode = FALSE
	EndGlobalSection
EndGlobal
